
Microsoft Visual Studio Solution File, Format Version 12.00
# Visual Studio 15
VisualStudioVersion = 15.0.28010.2050
MinimumVisualStudioVersion = 10.0.40219.1
Project("{FAE04EC0-301F-11D3-BF4B-00C04F79EFBC}") = "CheckPallindrome", "CheckPallindrome\CheckPallindrome.csproj", "{F3971224-E07C-48FE-A23C-8A17264C4DF5}"
EndProject
Project("{FAE04EC0-301F-11D3-BF4B-00C04F79EFBC}") = "FooBar", "FooBar\FooBar.csproj", "{AA6C85A5-9ED0-47E0-80E0-6394AA62D387}"
EndProject
Project("{FAE04EC0-301F-11D3-BF4B-00C04F79EFBC}") = "ReplaceValidEmailAddressInAString", "ReplaceValidEmailAddressInAString\ReplaceValidEmailAddressInAString.csproj", "{00FCE255-51B6-41AD-8A10-06E751F4890D}"
EndProject
Project("{FAE04EC0-301F-11D3-BF4B-00C04F79EFBC}") = "GenerateListOfWords", "GenerateListOfWords\GenerateListOfWords.csproj", "{0F488BD5-E10A-4FAB-BB87-6270E045353C}"
EndProject
Global
	GlobalSection(SolutionConfigurationPlatforms) = preSolution
		Debug|Any CPU = Debug|Any CPU
		Release|Any CPU = Release|Any CPU
	EndGlobalSection
	GlobalSection(ProjectConfigurationPlatforms) = postSolution
		{F3971224-E07C-48FE-A23C-8A17264C4DF5}.Debug|Any CPU.ActiveCfg = Debug|Any CPU
		{F3971224-E07C-48FE-A23C-8A17264C4DF5}.Debug|Any CPU.Build.0 = Debug|Any CPU
		{F3971224-E07C-48FE-A23C-8A17264C4DF5}.Release|Any CPU.ActiveCfg = Release|Any CPU
		{F3971224-E07C-48FE-A23C-8A17264C4DF5}.Release|Any CPU.Build.0 = Release|Any CPU
		{AA6C85A5-9ED0-47E0-80E0-6394AA62D387}.Debug|Any CPU.ActiveCfg = Debug|Any CPU
		{AA6C85A5-9ED0-47E0-80E0-6394AA62D387}.Debug|Any CPU.Build.0 = Debug|Any CPU
		{AA6C85A5-9ED0-47E0-80E0-6394AA62D387}.Release|Any CPU.ActiveCfg = Release|Any CPU
		{AA6C85A5-9ED0-47E0-80E0-6394AA62D387}.Release|Any CPU.Build.0 = Release|Any CPU
		{00FCE255-51B6-41AD-8A10-06E751F4890D}.Debug|Any CPU.ActiveCfg = Debug|Any CPU
		{00FCE255-51B6-41AD-8A10-06E751F4890D}.Debug|Any CPU.Build.0 = Debug|Any CPU
		{00FCE255-51B6-41AD-8A10-06E751F4890D}.Release|Any CPU.ActiveCfg = Release|Any CPU
		{00FCE255-51B6-41AD-8A10-06E751F4890D}.Release|Any CPU.Build.0 = Release|Any CPU
		{0F488BD5-E10A-4FAB-BB87-6270E045353C}.Debug|Any CPU.ActiveCfg = Debug|Any CPU
		{0F488BD5-E10A-4FAB-BB87-6270E045353C}.Debug|Any CPU.Build.0 = Debug|Any CPU
		{0F488BD5-E10A-4FAB-BB87-6270E045353C}.Release|Any CPU.ActiveCfg = Release|Any CPU
		{0F488BD5-E10A-4FAB-BB87-6270E045353C}.Release|Any CPU.Build.0 = Release|Any CPU
	EndGlobalSection
	GlobalSection(SolutionProperties) = preSolution
		HideSolutionNode = FALSE
	EndGlobalSection
	GlobalSection(ExtensibilityGlobals) = postSolution
		SolutionGuid = {F1CEACB3-1ED9-4F61-BC68-7E24D4B3D34A}
	EndGlobalSection
EndGlobal
